
Microsoft Visual Studio Solution File, Format Version 12.00
# Visual Studio 15
VisualStudioVersion = 15.0.27428.2027
MinimumVisualStudioVersion = 10.0.40219.1
Project("{2150E333-8FDC-42A3-9474-1A3956D46DE8}") = ".nuget", ".nuget", "{117B8408-DE6F-4604-A396-CBF891D45898}"
	ProjectSection(SolutionItems) = preProject
		.nuget\NuGet.Config = .nuget\NuGet.Config
		.nuget\NuGet.targets = .nuget\NuGet.targets
	EndProjectSection
EndProject
Project("{FAE04EC0-301F-11D3-BF4B-00C04F79EFBC}") = "DataRoostAPI", "DataRoostAPI\DataRoostAPI.csproj", "{C0865540-60A4-4522-B877-D9E5B4621A7C}"
EndProject
Project("{2150E333-8FDC-42A3-9474-1A3956D46DE8}") = "Solution Items", "Solution Items", "{4D88924E-F036-4556-97C9-63297A99D4E2}"
	ProjectSection(SolutionItems) = preProject
		SolutionAssemblyInfo.cs = SolutionAssemblyInfo.cs
		version.properties = version.properties
	EndProjectSection
EndProject
Project("{FAE04EC0-301F-11D3-BF4B-00C04F79EFBC}") = "DataRoostAPI.Common", "DataRoostAPI.Common\DataRoostAPI.Common.csproj", "{252B98AF-B404-46AC-8E5F-523322166D1B}"
EndProject
Project("{FAE04EC0-301F-11D3-BF4B-00C04F79EFBC}") = "DataRoost.Test", "DataRoost.Test\DataRoost.Test.csproj", "{95D92F35-CC7F-4453-BA80-C8CB69140510}"
EndProject
Global
	GlobalSection(SolutionConfigurationPlatforms) = preSolution
		Debug|Any CPU = Debug|Any CPU
		DEV|Any CPU = DEV|Any CPU
		PROD|Any CPU = PROD|Any CPU
		Release|Any CPU = Release|Any CPU
		STAGING|Any CPU = STAGING|Any CPU
		Training|Any CPU = Training|Any CPU
	EndGlobalSection
	GlobalSection(ProjectConfigurationPlatforms) = postSolution
		{C0865540-60A4-4522-B877-D9E5B4621A7C}.Debug|Any CPU.ActiveCfg = Debug|Any CPU
		{C0865540-60A4-4522-B877-D9E5B4621A7C}.Debug|Any CPU.Build.0 = Debug|Any CPU
		{C0865540-60A4-4522-B877-D9E5B4621A7C}.DEV|Any CPU.ActiveCfg = DEV|Any CPU
		{C0865540-60A4-4522-B877-D9E5B4621A7C}.DEV|Any CPU.Build.0 = DEV|Any CPU
		{C0865540-60A4-4522-B877-D9E5B4621A7C}.PROD|Any CPU.ActiveCfg = PROD|Any CPU
		{C0865540-60A4-4522-B877-D9E5B4621A7C}.PROD|Any CPU.Build.0 = PROD|Any CPU
		{C0865540-60A4-4522-B877-D9E5B4621A7C}.Release|Any CPU.ActiveCfg = Release|Any CPU
		{C0865540-60A4-4522-B877-D9E5B4621A7C}.Release|Any CPU.Build.0 = Release|Any CPU
		{C0865540-60A4-4522-B877-D9E5B4621A7C}.STAGING|Any CPU.ActiveCfg = STAGING|Any CPU
		{C0865540-60A4-4522-B877-D9E5B4621A7C}.STAGING|Any CPU.Build.0 = STAGING|Any CPU
		{C0865540-60A4-4522-B877-D9E5B4621A7C}.Training|Any CPU.ActiveCfg = Training|Any CPU
		{C0865540-60A4-4522-B877-D9E5B4621A7C}.Training|Any CPU.Build.0 = Training|Any CPU
		{252B98AF-B404-46AC-8E5F-523322166D1B}.Debug|Any CPU.ActiveCfg = Debug|Any CPU
		{252B98AF-B404-46AC-8E5F-523322166D1B}.Debug|Any CPU.Build.0 = Debug|Any CPU
		{252B98AF-B404-46AC-8E5F-523322166D1B}.DEV|Any CPU.ActiveCfg = Debug|Any CPU
		{252B98AF-B404-46AC-8E5F-523322166D1B}.DEV|Any CPU.Build.0 = Debug|Any CPU
		{252B98AF-B404-46AC-8E5F-523322166D1B}.PROD|Any CPU.ActiveCfg = Release|Any CPU
		{252B98AF-B404-46AC-8E5F-523322166D1B}.PROD|Any CPU.Build.0 = Release|Any CPU
		{252B98AF-B404-46AC-8E5F-523322166D1B}.Release|Any CPU.ActiveCfg = Release|Any CPU
		{252B98AF-B404-46AC-8E5F-523322166D1B}.Release|Any CPU.Build.0 = Release|Any CPU
		{252B98AF-B404-46AC-8E5F-523322166D1B}.STAGING|Any CPU.ActiveCfg = Release|Any CPU
		{252B98AF-B404-46AC-8E5F-523322166D1B}.STAGING|Any CPU.Build.0 = Release|Any CPU
		{252B98AF-B404-46AC-8E5F-523322166D1B}.Training|Any CPU.ActiveCfg = PROD|Any CPU
		{252B98AF-B404-46AC-8E5F-523322166D1B}.Training|Any CPU.Build.0 = PROD|Any CPU
		{95D92F35-CC7F-4453-BA80-C8CB69140510}.Debug|Any CPU.ActiveCfg = Debug|Any CPU
		{95D92F35-CC7F-4453-BA80-C8CB69140510}.Debug|Any CPU.Build.0 = Debug|Any CPU
		{95D92F35-CC7F-4453-BA80-C8CB69140510}.DEV|Any CPU.ActiveCfg = Debug|Any CPU
		{95D92F35-CC7F-4453-BA80-C8CB69140510}.DEV|Any CPU.Build.0 = Debug|Any CPU
		{95D92F35-CC7F-4453-BA80-C8CB69140510}.PROD|Any CPU.ActiveCfg = Release|Any CPU
		{95D92F35-CC7F-4453-BA80-C8CB69140510}.PROD|Any CPU.Build.0 = Release|Any CPU
		{95D92F35-CC7F-4453-BA80-C8CB69140510}.Release|Any CPU.ActiveCfg = Release|Any CPU
		{95D92F35-CC7F-4453-BA80-C8CB69140510}.Release|Any CPU.Build.0 = Release|Any CPU
		{95D92F35-CC7F-4453-BA80-C8CB69140510}.STAGING|Any CPU.ActiveCfg = Release|Any CPU
		{95D92F35-CC7F-4453-BA80-C8CB69140510}.STAGING|Any CPU.Build.0 = Release|Any CPU
		{95D92F35-CC7F-4453-BA80-C8CB69140510}.Training|Any CPU.ActiveCfg = Release|Any CPU
	EndGlobalSection
	GlobalSection(SolutionProperties) = preSolution
		HideSolutionNode = FALSE
	EndGlobalSection
	GlobalSection(ExtensibilityGlobals) = postSolution
		SolutionGuid = {7B3CA935-8D1C-46AA-8BCC-5CE4BC5F6FA8}
	EndGlobalSection
EndGlobal
